PODS:
  - AFNetworking (4.0.1):
    - AFNetworking/NSURLSession (= 4.0.1)
    - AFNetworking/Reachability (= 4.0.1)
    - AFNetworking/Security (= 4.0.1)
    - AFNetworking/Serialization (= 4.0.1)
    - AFNetworking/UIKit (= 4.0.1)
  - AFNetworking/NSURLSession (4.0.1):
    - AFNetworking/Reachability
    - AFNetworking/Security
    - AFNetworking/Serialization
  - AFNetworking/Reachability (4.0.1)
  - AFNetworking/Security (4.0.1)
  - AFNetworking/Serialization (4.0.1)
  - AFNetworking/UIKit (4.0.1):
    - AFNetworking/NSURLSession
  - BRPickerView (2.6.3):
    - BRPickerView/AddressPickerView (= 2.6.3)
    - BRPickerView/Base (= 2.6.3)
    - BRPickerView/DatePickerView (= 2.6.3)
    - BRPickerView/StringPickerView (= 2.6.3)
  - BRPickerView/AddressPickerView (2.6.3):
    - BRPickerView/Base
  - BRPickerView/Base (2.6.3)
  - BRPickerView/DatePickerView (2.6.3):
    - BRPickerView/Base
  - BRPickerView/StringPickerView (2.6.3):
    - BRPickerView/Base
  - GKNavigationBar (1.0.8)
  - IQKeyboardManager (6.5.5)
  - JSONModel (1.8.0)
  - JXCategoryView (1.5.5)
  - LYEmptyView (1.3.1)
  - LYXAlertController (0.0.2)
  - Masonry (1.1.0)
  - "MBProgressHUD+WJExtension (1.3.1)"
  - MJExtension (3.2.2)
  - MJRefresh (3.4.3)
  - ReactiveObjC (3.1.1)
  - SDWebImage (5.8.4):
    - SDWebImage/Core (= 5.8.4)
  - SDWebImage/Core (5.8.4)
  - TZImagePickerController (3.4.1)
  - YYKit (1.0.9):
    - YYKit/no-arc (= 1.0.9)
  - YYKit/no-arc (1.0.9)

DEPENDENCIES:
  - AFNetworking
  - BRPickerView
  - GKNavigationBar
  - IQKeyboardManager
  - JSONModel
  - JXCategoryView
  - LYEmptyView
  - LYXAlertController
  - Masonry
  - "MBProgressHUD+WJExtension"
  - MJExtension
  - MJRefresh
  - ReactiveObjC
  - SDWebImage
  - TZImagePickerController
  - YYKit

SPEC REPOS:
  trunk:
    - AFNetworking
    - BRPickerView
    - GKNavigationBar
    - IQKeyboardManager
    - JSONModel
    - JXCategoryView
    - LYEmptyView
    - LYXAlertController
    - Masonry
    - "MBProgressHUD+WJExtension"
    - MJExtension
    - MJRefresh
    - ReactiveObjC
    - SDWebImage
    - TZImagePickerController
    - YYKit

SPEC CHECKSUMS:
  AFNetworking: 7864c38297c79aaca1500c33288e429c3451fdce
  BRPickerView: 67ce855d07ff61771b586fea719053612bfeb1d6
  GKNavigationBar: b88553e9a973b38724b57ac6d177e210199a3e3e
  IQKeyboardManager: 3a8b9e603f8b0eeaf5f096a1f2b2cfcf121992ef
  JSONModel: 02ab723958366a3fd27da57ea2af2113658762e9
  JXCategoryView: 0293fcb356f10a5c2e679dac0a1a5f1899ee0c87
  LYEmptyView: b6d418cfa38b78df0cf243f9a9c25ccbdc399922
  LYXAlertController: b1459683e9d3622f697bd1ee6a9e584253b0c8b3
  Masonry: 678fab65091a9290e40e2832a55e7ab731aad201
  "MBProgressHUD+WJExtension": 1d9c93951b49e8c711fef6e6089aa6d7d3321192
  MJExtension: d9b9c74cbdeb724c1e9ecbb157b318276e62e876
  MJRefresh: 53e3e3219f204425ee6d3e62e8733d3295944cd6
  ReactiveObjC: 011caa393aa0383245f2dcf9bf02e86b80b36040
  SDWebImage: cf6922231e95550934da2ada0f20f2becf2ceba9
  TZImagePickerController: 4e7a7b3d314f8a75f11042931dfd9d34c270c7db
  YYKit: 7cda43304a8dc3696c449041e2cb3107b4e236e7

PODFILE CHECKSUM: 95a5ea5aab6d66590f952d31572a3bdb489eb751

COCOAPODS: 1.9.3
