// !$*UTF8*$!
{
	archiveVersion = 1;
	classes = {
	};
	objectVersion = 51;
	objects = {

/* Begin PBXBuildFile section */
		47F1DE0F9D5C2BEEE0202B39 /* Pods_commentListTests.framework in Frameworks */ = {isa = PBXBuildFile; fileRef = A0CF0E67EA8BFA59C3D36147 /* Pods_commentListTests.framework */; };
		B39069305FAC615D8C6F4D6B /* Pods_commentList.framework in Frameworks */ = {isa = PBXBuildFile; fileRef = 9BC5B97A55D8F418AC00D92E /* Pods_commentList.framework */; };
		C5802D0924BCAD3800894903 /* AppDelegate.m in Sources */ = {isa = PBXBuildFile; fileRef = C5802D0824BCAD3800894903 /* AppDelegate.m */; };
		C5802D0C24BCAD3800894903 /* SceneDelegate.m in Sources */ = {isa = PBXBuildFile; fileRef = C5802D0B24BCAD3800894903 /* SceneDelegate.m */; };
		C5802D1224BCAD3800894903 /* Main.storyboard in Resources */ = {isa = PBXBuildFile; fileRef = C5802D1024BCAD3800894903 /* Main.storyboard */; };
		C5802D1524BCAD3800894903 /* commentList.xcdatamodeld in Sources */ = {isa = PBXBuildFile; fileRef = C5802D1324BCAD3800894903 /* commentList.xcdatamodeld */; };
		C5802D1724BCAD3900894903 /* Assets.xcassets in Resources */ = {isa = PBXBuildFile; fileRef = C5802D1624BCAD3900894903 /* Assets.xcassets */; };
		C5802D1A24BCAD3900894903 /* LaunchScreen.storyboard in Resources */ = {isa = PBXBuildFile; fileRef = C5802D1824BCAD3900894903 /* LaunchScreen.storyboard */; };
		C5802D1D24BCAD3900894903 /* main.m in Sources */ = {isa = PBXBuildFile; fileRef = C5802D1C24BCAD3900894903 /* main.m */; };
		C5802D2724BCAD3900894903 /* commentListTests.m in Sources */ = {isa = PBXBuildFile; fileRef = C5802D2624BCAD3900894903 /* commentListTests.m */; };
		C5802D3224BCAD3900894903 /* commentListUITests.m in Sources */ = {isa = PBXBuildFile; fileRef = C5802D3124BCAD3900894903 /* commentListUITests.m */; };
		C5C2081824BDE01C001ED2F5 /* ViewController.m in Sources */ = {isa = PBXBuildFile; fileRef = C5C2081724BDE01C001ED2F5 /* ViewController.m */; };
		C5C2081B24BDE254001ED2F5 /* InfoTBVCell.m in Sources */ = {isa = PBXBuildFile; fileRef = C5C2081A24BDE254001ED2F5 /* InfoTBVCell.m */; };
		C5C2081E24BDE268001ED2F5 /* LoadMoreTBVCell.m in Sources */ = {isa = PBXBuildFile; fileRef = C5C2081D24BDE268001ED2F5 /* LoadMoreTBVCell.m */; };
		C5C2082624BDEEFD001ED2F5 /* HoveringHeaderView.m in Sources */ = {isa = PBXBuildFile; fileRef = C5C2082024BDEEFD001ED2F5 /* HoveringHeaderView.m */; };
		C5C2082724BDEEFD001ED2F5 /* NonHoveringHeaderView.m in Sources */ = {isa = PBXBuildFile; fileRef = C5C2082124BDEEFD001ED2F5 /* NonHoveringHeaderView.m */; };
		C5C2082824BDEEFD001ED2F5 /* UITableViewHeaderFooterView+Attribute.m in Sources */ = {isa = PBXBuildFile; fileRef = C5C2082424BDEEFD001ED2F5 /* UITableViewHeaderFooterView+Attribute.m */; };
		C5F78A8424BED516008A46EC /* FirstClassModel.m in Sources */ = {isa = PBXBuildFile; fileRef = C5F78A8024BED515008A46EC /* FirstClassModel.m */; };
		C5F78A8524BED516008A46EC /* SecondClassModel.m in Sources */ = {isa = PBXBuildFile; fileRef = C5F78A8224BED515008A46EC /* SecondClassModel.m */; };
		D0808B087E0D3C40779EE807 /* Pods_commentList_commentListUITests.framework in Frameworks */ = {isa = PBXBuildFile; fileRef = 0A7CAF397B699C809DE9FAD2 /* Pods_commentList_commentListUITests.framework */; };
/* End PBXBuildFile section */

/* Begin PBXContainerItemProxy section */
		C5802D2324BCAD3900894903 /* PBXContainerItemProxy */ = {
			isa = PBXContainerItemProxy;
			containerPortal = C5802CFC24BCAD3800894903 /* Project object */;
			proxyType = 1;
			remoteGlobalIDString = C5802D0324BCAD3800894903;
			remoteInfo = commentList;
		};
		C5802D2E24BCAD3900894903 /* PBXContainerItemProxy */ = {
			isa = PBXContainerItemProxy;
			containerPortal = C5802CFC24BCAD3800894903 /* Project object */;
			proxyType = 1;
			remoteGlobalIDString = C5802D0324BCAD3800894903;
			remoteInfo = commentList;
		};
/* End PBXContainerItemProxy section */

/* Begin PBXFileReference section */
		0A7CAF397B699C809DE9FAD2 /* Pods_commentList_commentListUITests.framework */ = {isa = PBXFileReference; explicitFileType = wrapper.framework; includeInIndex = 0; path = Pods_commentList_commentListUITests.framework; sourceTree = BUILT_PRODUCTS_DIR; };
		6428E7887D15CD3420F28C00 /* Pods-commentList-commentListUITests.release.xcconfig */ = {isa = PBXFileReference; includeInIndex = 1; lastKnownFileType = text.xcconfig; name = "Pods-commentList-commentListUITests.release.xcconfig"; path = "Target Support Files/Pods-commentList-commentListUITests/Pods-commentList-commentListUITests.release.xcconfig"; sourceTree = "<group>"; };
		9BC5B97A55D8F418AC00D92E /* Pods_commentList.framework */ = {isa = PBXFileReference; explicitFileType = wrapper.framework; includeInIndex = 0; path = Pods_commentList.framework; sourceTree = BUILT_PRODUCTS_DIR; };
		9BEEFFD90758D0D57ED7277C /* Pods-commentList-commentListUITests.debug.xcconfig */ = {isa = PBXFileReference; includeInIndex = 1; lastKnownFileType = text.xcconfig; name = "Pods-commentList-commentListUITests.debug.xcconfig"; path = "Target Support Files/Pods-commentList-commentListUITests/Pods-commentList-commentListUITests.debug.xcconfig"; sourceTree = "<group>"; };
		A0CF0E67EA8BFA59C3D36147 /* Pods_commentListTests.framework */ = {isa = PBXFileReference; explicitFileType = wrapper.framework; includeInIndex = 0; path = Pods_commentListTests.framework; sourceTree = BUILT_PRODUCTS_DIR; };
		AB97C5DB8C2372F6EF680D78 /* Pods-commentListTests.debug.xcconfig */ = {isa = PBXFileReference; includeInIndex = 1; lastKnownFileType = text.xcconfig; name = "Pods-commentListTests.debug.xcconfig"; path = "Target Support Files/Pods-commentListTests/Pods-commentListTests.debug.xcconfig"; sourceTree = "<group>"; };
		BC11A027C76951D368AEBAA5 /* Pods-commentList.debug.xcconfig */ = {isa = PBXFileReference; includeInIndex = 1; lastKnownFileType = text.xcconfig; name = "Pods-commentList.debug.xcconfig"; path = "Target Support Files/Pods-commentList/Pods-commentList.debug.xcconfig"; sourceTree = "<group>"; };
		C5802D0424BCAD3800894903 /* commentList.app */ = {isa = PBXFileReference; explicitFileType = wrapper.application; includeInIndex = 0; path = commentList.app; sourceTree = BUILT_PRODUCTS_DIR; };
		C5802D0724BCAD3800894903 /* AppDelegate.h */ = {isa = PBXFileReference; lastKnownFileType = sourcecode.c.h; path = AppDelegate.h; sourceTree = "<group>"; };
		C5802D0824BCAD3800894903 /* AppDelegate.m */ = {isa = PBXFileReference; lastKnownFileType = sourcecode.c.objc; path = AppDelegate.m; sourceTree = "<group>"; };
		C5802D0A24BCAD3800894903 /* SceneDelegate.h */ = {isa = PBXFileReference; lastKnownFileType = sourcecode.c.h; path = SceneDelegate.h; sourceTree = "<group>"; };
		C5802D0B24BCAD3800894903 /* SceneDelegate.m */ = {isa = PBXFileReference; lastKnownFileType = sourcecode.c.objc; path = SceneDelegate.m; sourceTree = "<group>"; };
		C5802D1124BCAD3800894903 /* Base */ = {isa = PBXFileReference; lastKnownFileType = file.storyboard; name = Base; path = Base.lproj/Main.storyboard; sourceTree = "<group>"; };
		C5802D1424BCAD3800894903 /* commentList.xcdatamodel */ = {isa = PBXFileReference; lastKnownFileType = wrapper.xcdatamodel; path = commentList.xcdatamodel; sourceTree = "<group>"; };
		C5802D1624BCAD3900894903 /* Assets.xcassets */ = {isa = PBXFileReference; lastKnownFileType = folder.assetcatalog; path = Assets.xcassets; sourceTree = "<group>"; };
		C5802D1924BCAD3900894903 /* Base */ = {isa = PBXFileReference; lastKnownFileType = file.storyboard; name = Base; path = Base.lproj/LaunchScreen.storyboard; sourceTree = "<group>"; };
		C5802D1B24BCAD3900894903 /* Info.plist */ = {isa = PBXFileReference; lastKnownFileType = text.plist.xml; path = Info.plist; sourceTree = "<group>"; };
		C5802D1C24BCAD3900894903 /* main.m */ = {isa = PBXFileReference; lastKnownFileType = sourcecode.c.objc; path = main.m; sourceTree = "<group>"; };
		C5802D2224BCAD3900894903 /* commentListTests.xctest */ = {isa = PBXFileReference; explicitFileType = wrapper.cfbundle; includeInIndex = 0; path = commentListTests.xctest; sourceTree = BUILT_PRODUCTS_DIR; };
		C5802D2624BCAD3900894903 /* commentListTests.m */ = {isa = PBXFileReference; lastKnownFileType = sourcecode.c.objc; path = commentListTests.m; sourceTree = "<group>"; };
		C5802D2824BCAD3900894903 /* Info.plist */ = {isa = PBXFileReference; lastKnownFileType = text.plist.xml; path = Info.plist; sourceTree = "<group>"; };
		C5802D2D24BCAD3900894903 /* commentListUITests.xctest */ = {isa = PBXFileReference; explicitFileType = wrapper.cfbundle; includeInIndex = 0; path = commentListUITests.xctest; sourceTree = BUILT_PRODUCTS_DIR; };
		C5802D3124BCAD3900894903 /* commentListUITests.m */ = {isa = PBXFileReference; lastKnownFileType = sourcecode.c.objc; path = commentListUITests.m; sourceTree = "<group>"; };
		C5802D3324BCAD3900894903 /* Info.plist */ = {isa = PBXFileReference; lastKnownFileType = text.plist.xml; path = Info.plist; sourceTree = "<group>"; };
		C5C2081224BDC6B5001ED2F5 /* AABlock.h */ = {isa = PBXFileReference; fileEncoding = 4; lastKnownFileType = sourcecode.c.h; path = AABlock.h; sourceTree = "<group>"; };
		C5C2081324BDC6C9001ED2F5 /* PrefixHeader.pch */ = {isa = PBXFileReference; fileEncoding = 4; lastKnownFileType = sourcecode.c.h; path = PrefixHeader.pch; sourceTree = "<group>"; };
		C5C2081624BDE01C001ED2F5 /* ViewController.h */ = {isa = PBXFileReference; lastKnownFileType = sourcecode.c.h; path = ViewController.h; sourceTree = "<group>"; };
		C5C2081724BDE01C001ED2F5 /* ViewController.m */ = {isa = PBXFileReference; lastKnownFileType = sourcecode.c.objc; path = ViewController.m; sourceTree = "<group>"; };
		C5C2081924BDE254001ED2F5 /* InfoTBVCell.h */ = {isa = PBXFileReference; lastKnownFileType = sourcecode.c.h; path = InfoTBVCell.h; sourceTree = "<group>"; };
		C5C2081A24BDE254001ED2F5 /* InfoTBVCell.m */ = {isa = PBXFileReference; lastKnownFileType = sourcecode.c.objc; path = InfoTBVCell.m; sourceTree = "<group>"; };
		C5C2081C24BDE268001ED2F5 /* LoadMoreTBVCell.h */ = {isa = PBXFileReference; lastKnownFileType = sourcecode.c.h; path = LoadMoreTBVCell.h; sourceTree = "<group>"; };
		C5C2081D24BDE268001ED2F5 /* LoadMoreTBVCell.m */ = {isa = PBXFileReference; lastKnownFileType = sourcecode.c.objc; path = LoadMoreTBVCell.m; sourceTree = "<group>"; };
		C5C2082024BDEEFD001ED2F5 /* HoveringHeaderView.m */ = {isa = PBXFileReference; fileEncoding = 4; lastKnownFileType = sourcecode.c.objc; path = HoveringHeaderView.m; sourceTree = "<group>"; };
		C5C2082124BDEEFD001ED2F5 /* NonHoveringHeaderView.m */ = {isa = PBXFileReference; fileEncoding = 4; lastKnownFileType = sourcecode.c.objc; path = NonHoveringHeaderView.m; sourceTree = "<group>"; };
		C5C2082224BDEEFD001ED2F5 /* NonHoveringHeaderView.h */ = {isa = PBXFileReference; fileEncoding = 4; lastKnownFileType = sourcecode.c.h; path = NonHoveringHeaderView.h; sourceTree = "<group>"; };
		C5C2082324BDEEFD001ED2F5 /* UITableViewHeaderFooterView+Attribute.h */ = {isa = PBXFileReference; fileEncoding = 4; lastKnownFileType = sourcecode.c.h; path = "UITableViewHeaderFooterView+Attribute.h"; sourceTree = "<group>"; };
		C5C2082424BDEEFD001ED2F5 /* UITableViewHeaderFooterView+Attribute.m */ = {isa = PBXFileReference; fileEncoding = 4; lastKnownFileType = sourcecode.c.objc; path = "UITableViewHeaderFooterView+Attribute.m"; sourceTree = "<group>"; };
		C5C2082524BDEEFD001ED2F5 /* HoveringHeaderView.h */ = {isa = PBXFileReference; fileEncoding = 4; lastKnownFileType = sourcecode.c.h; path = HoveringHeaderView.h; sourceTree = "<group>"; };
		C5F78A8024BED515008A46EC /* FirstClassModel.m */ = {isa = PBXFileReference; fileEncoding = 4; lastKnownFileType = sourcecode.c.objc; path = FirstClassModel.m; sourceTree = "<group>"; };
		C5F78A8124BED515008A46EC /* FirstClassModel.h */ = {isa = PBXFileReference; fileEncoding = 4; lastKnownFileType = sourcecode.c.h; path = FirstClassModel.h; sourceTree = "<group>"; };
		C5F78A8224BED515008A46EC /* SecondClassModel.m */ = {isa = PBXFileReference; fileEncoding = 4; lastKnownFileType = sourcecode.c.objc; path = SecondClassModel.m; sourceTree = "<group>"; };
		C5F78A8324BED516008A46EC /* SecondClassModel.h */ = {isa = PBXFileReference; fileEncoding = 4; lastKnownFileType = sourcecode.c.h; path = SecondClassModel.h; sourceTree = "<group>"; };
		ED5772C36E89E2D9DFDFA8BA /* Pods-commentListTests.release.xcconfig */ = {isa = PBXFileReference; includeInIndex = 1; lastKnownFileType = text.xcconfig; name = "Pods-commentListTests.release.xcconfig"; path = "Target Support Files/Pods-commentListTests/Pods-commentListTests.release.xcconfig"; sourceTree = "<group>"; };
		FD981085353B1F176FD123A4 /* Pods-commentList.release.xcconfig */ = {isa = PBXFileReference; includeInIndex = 1; lastKnownFileType = text.xcconfig; name = "Pods-commentList.release.xcconfig"; path = "Target Support Files/Pods-commentList/Pods-commentList.release.xcconfig"; sourceTree = "<group>"; };
/* End PBXFileReference section */

/* Begin PBXFrameworksBuildPhase section */
		C5802D0124BCAD3800894903 /* Frameworks */ = {
			isa = PBXFrameworksBuildPhase;
			buildActionMask = 2147483647;
			files = (
				B39069305FAC615D8C6F4D6B /* Pods_commentList.framework in Frameworks */,
			);
			runOnlyForDeploymentPostprocessing = 0;
		};
		C5802D1F24BCAD3900894903 /* Frameworks */ = {
			isa = PBXFrameworksBuildPhase;
			buildActionMask = 2147483647;
			files = (
				47F1DE0F9D5C2BEEE0202B39 /* Pods_commentListTests.framework in Frameworks */,
			);
			runOnlyForDeploymentPostprocessing = 0;
		};
		C5802D2A24BCAD3900894903 /* Frameworks */ = {
			isa = PBXFrameworksBuildPhase;
			buildActionMask = 2147483647;
			files = (
				D0808B087E0D3C40779EE807 /* Pods_commentList_commentListUITests.framework in Frameworks */,
			);
			runOnlyForDeploymentPostprocessing = 0;
		};
/* End PBXFrameworksBuildPhase section */

/* Begin PBXGroup section */
		77B0E9260695179772350534 /* Pods */ = {
			isa = PBXGroup;
			children = (
				BC11A027C76951D368AEBAA5 /* Pods-commentList.debug.xcconfig */,
				FD981085353B1F176FD123A4 /* Pods-commentList.release.xcconfig */,
				9BEEFFD90758D0D57ED7277C /* Pods-commentList-commentListUITests.debug.xcconfig */,
				6428E7887D15CD3420F28C00 /* Pods-commentList-commentListUITests.release.xcconfig */,
				AB97C5DB8C2372F6EF680D78 /* Pods-commentListTests.debug.xcconfig */,
				ED5772C36E89E2D9DFDFA8BA /* Pods-commentListTests.release.xcconfig */,
			);
			path = Pods;
			sourceTree = "<group>";
		};
		78848533E3389C3D9C3A78A7 /* Frameworks */ = {
			isa = PBXGroup;
			children = (
				9BC5B97A55D8F418AC00D92E /* Pods_commentList.framework */,
				0A7CAF397B699C809DE9FAD2 /* Pods_commentList_commentListUITests.framework */,
				A0CF0E67EA8BFA59C3D36147 /* Pods_commentListTests.framework */,
			);
			name = Frameworks;
			sourceTree = "<group>";
		};
		8BE28E3924BCB6A800CF5D7B /* other */ = {
			isa = PBXGroup;
			children = (
				C5802D0724BCAD3800894903 /* AppDelegate.h */,
				C5802D0824BCAD3800894903 /* AppDelegate.m */,
				C5802D0A24BCAD3800894903 /* SceneDelegate.h */,
				C5802D0B24BCAD3800894903 /* SceneDelegate.m */,
				C5802D1024BCAD3800894903 /* Main.storyboard */,
				C5802D1624BCAD3900894903 /* Assets.xcassets */,
				C5802D1824BCAD3900894903 /* LaunchScreen.storyboard */,
				C5802D1C24BCAD3900894903 /* main.m */,
				C5802D1324BCAD3800894903 /* commentList.xcdatamodeld */,
			);
			path = other;
			sourceTree = "<group>";
		};
		C5802CFB24BCAD3800894903 = {
			isa = PBXGroup;
			children = (
				C5802D0624BCAD3800894903 /* commentList */,
				C5802D2524BCAD3900894903 /* commentListTests */,
				C5802D3024BCAD3900894903 /* commentListUITests */,
				C5802D0524BCAD3800894903 /* Products */,
				77B0E9260695179772350534 /* Pods */,
				78848533E3389C3D9C3A78A7 /* Frameworks */,
			);
			sourceTree = "<group>";
		};
		C5802D0524BCAD3800894903 /* Products */ = {
			isa = PBXGroup;
			children = (
				C5802D0424BCAD3800894903 /* commentList.app */,
				C5802D2224BCAD3900894903 /* commentListTests.xctest */,
				C5802D2D24BCAD3900894903 /* commentListUITests.xctest */,
			);
			name = Products;
			sourceTree = "<group>";
		};
		C5802D0624BCAD3800894903 /* commentList */ = {
			isa = PBXGroup;
			children = (
				C5C2081324BDC6C9001ED2F5 /* PrefixHeader.pch */,
				C5802D1B24BCAD3900894903 /* Info.plist */,
				C5C2081224BDC6B5001ED2F5 /* AABlock.h */,
				C5C2082924BDF186001ED2F5 /* ProfessionalWork */,
				8BE28E3924BCB6A800CF5D7B /* other */,
			);
			path = commentList;
			sourceTree = "<group>";
		};
		C5802D2524BCAD3900894903 /* commentListTests */ = {
			isa = PBXGroup;
			children = (
				C5802D2624BCAD3900894903 /* commentListTests.m */,
				C5802D2824BCAD3900894903 /* Info.plist */,
			);
			path = commentListTests;
			sourceTree = "<group>";
		};
		C5802D3024BCAD3900894903 /* commentListUITests */ = {
			isa = PBXGroup;
			children = (
				C5802D3124BCAD3900894903 /* commentListUITests.m */,
				C5802D3324BCAD3900894903 /* Info.plist */,
			);
			path = commentListUITests;
			sourceTree = "<group>";
		};
		C5C2081F24BDEEDE001ED2F5 /* 取消悬停 */ = {
			isa = PBXGroup;
			children = (
				C5C2082524BDEEFD001ED2F5 /* HoveringHeaderView.h */,
				C5C2082024BDEEFD001ED2F5 /* HoveringHeaderView.m */,
				C5C2082224BDEEFD001ED2F5 /* NonHoveringHeaderView.h */,
				C5C2082124BDEEFD001ED2F5 /* NonHoveringHeaderView.m */,
				C5C2082324BDEEFD001ED2F5 /* UITableViewHeaderFooterView+Attribute.h */,
				C5C2082424BDEEFD001ED2F5 /* UITableViewHeaderFooterView+Attribute.m */,
			);
			path = "取消悬停";
			sourceTree = "<group>";
		};
		C5C2082924BDF186001ED2F5 /* ProfessionalWork */ = {
			isa = PBXGroup;
			children = (
				C5C2081624BDE01C001ED2F5 /* ViewController.h */,
				C5C2081724BDE01C001ED2F5 /* ViewController.m */,
				C5F78A8624BEE021008A46EC /* TBVCell */,
				C5F78A7F24BED4FD008A46EC /* 数据模型层 */,
				C5C2081F24BDEEDE001ED2F5 /* 取消悬停 */,
			);
			path = ProfessionalWork;
			sourceTree = "<group>";
		};
		C5F78A7F24BED4FD008A46EC /* 数据模型层 */ = {
			isa = PBXGroup;
			children = (
				C5F78A8124BED515008A46EC /* FirstClassModel.h */,
				C5F78A8024BED515008A46EC /* FirstClassModel.m */,
				C5F78A8324BED516008A46EC /* SecondClassModel.h */,
				C5F78A8224BED515008A46EC /* SecondClassModel.m */,
			);
			path = "数据模型层";
			sourceTree = "<group>";
		};
		C5F78A8624BEE021008A46EC /* TBVCell */ = {
			isa = PBXGroup;
			children = (
				C5C2081924BDE254001ED2F5 /* InfoTBVCell.h */,
				C5C2081A24BDE254001ED2F5 /* InfoTBVCell.m */,
				C5C2081C24BDE268001ED2F5 /* LoadMoreTBVCell.h */,
				C5C2081D24BDE268001ED2F5 /* LoadMoreTBVCell.m */,
			);
			path = TBVCell;
			sourceTree = "<group>";
		};
/* End PBXGroup section */

/* Begin PBXNativeTarget section */
		C5802D0324BCAD3800894903 /* commentList */ = {
			isa = PBXNativeTarget;
			buildConfigurationList = C5802D3624BCAD3900894903 /* Build configuration list for PBXNativeTarget "commentList" */;
			buildPhases = (
				8B4B1C7A6746339C37963EB9 /* [CP] Check Pods Manifest.lock */,
				C5802D0024BCAD3800894903 /* Sources */,
				C5802D0124BCAD3800894903 /* Frameworks */,
				C5802D0224BCAD3800894903 /* Resources */,
				997EAD211A88B37E49022C91 /* [CP] Embed Pods Frameworks */,
			);
			buildRules = (
			);
			dependencies = (
			);
			name = commentList;
			productName = commentList;
			productReference = C5802D0424BCAD3800894903 /* commentList.app */;
			productType = "com.apple.product-type.application";
		};
		C5802D2124BCAD3900894903 /* commentListTests */ = {
			isa = PBXNativeTarget;
			buildConfigurationList = C5802D3924BCAD3900894903 /* Build configuration list for PBXNativeTarget "commentListTests" */;
			buildPhases = (
				AB4E5A42CC9C2692ECBB1280 /* [CP] Check Pods Manifest.lock */,
				C5802D1E24BCAD3900894903 /* Sources */,
				C5802D1F24BCAD3900894903 /* Frameworks */,
				C5802D2024BCAD3900894903 /* Resources */,
			);
			buildRules = (
			);
			dependencies = (
				C5802D2424BCAD3900894903 /* PBXTargetDependency */,
			);
			name = commentListTests;
			productName = commentListTests;
			productReference = C5802D2224BCAD3900894903 /* commentListTests.xctest */;
			productType = "com.apple.product-type.bundle.unit-test";
		};
		C5802D2C24BCAD3900894903 /* commentListUITests */ = {
			isa = PBXNativeTarget;
			buildConfigurationList = C5802D3C24BCAD3900894903 /* Build configuration list for PBXNativeTarget "commentListUITests" */;
			buildPhases = (
				2012560F14A02535743BCCFE /* [CP] Check Pods Manifest.lock */,
				C5802D2924BCAD3900894903 /* Sources */,
				C5802D2A24BCAD3900894903 /* Frameworks */,
				C5802D2B24BCAD3900894903 /* Resources */,
				E26125C56B7453BDE81C7C4C /* [CP] Embed Pods Frameworks */,
			);
			buildRules = (
			);
			dependencies = (
				C5802D2F24BCAD3900894903 /* PBXTargetDependency */,
			);
			name = commentListUITests;
			productName = commentListUITests;
			productReference = C5802D2D24BCAD3900894903 /* commentListUITests.xctest */;
			productType = "com.apple.product-type.bundle.ui-testing";
		};
/* End PBXNativeTarget section */

/* Begin PBXProject section */
		C5802CFC24BCAD3800894903 /* Project object */ = {
			isa = PBXProject;
			attributes = {
				LastUpgradeCheck = 1150;
				ORGANIZATIONNAME = Jobs;
				TargetAttributes = {
					C5802D0324BCAD3800894903 = {
						CreatedOnToolsVersion = 11.5;
					};
					C5802D2124BCAD3900894903 = {
						CreatedOnToolsVersion = 11.5;
						TestTargetID = C5802D0324BCAD3800894903;
					};
					C5802D2C24BCAD3900894903 = {
						CreatedOnToolsVersion = 11.5;
						TestTargetID = C5802D0324BCAD3800894903;
					};
				};
			};
			buildConfigurationList = C5802CFF24BCAD3800894903 /* Build configuration list for PBXProject "commentList" */;
			compatibilityVersion = "Xcode 9.3";
			developmentRegion = en;
			hasScannedForEncodings = 0;
			knownRegions = (
				en,
				Base,
			);
			mainGroup = C5802CFB24BCAD3800894903;
			productRefGroup = C5802D0524BCAD3800894903 /* Products */;
			projectDirPath = "";
			projectRoot = "";
			targets = (
				C5802D0324BCAD3800894903 /* commentList */,
				C5802D2124BCAD3900894903 /* commentListTests */,
				C5802D2C24BCAD3900894903 /* commentListUITests */,
			);
		};
/* End PBXProject section */

/* Begin PBXResourcesBuildPhase section */
		C5802D0224BCAD3800894903 /* Resources */ = {
			isa = PBXResourcesBuildPhase;
			buildActionMask = 2147483647;
			files = (
				C5802D1A24BCAD3900894903 /* LaunchScreen.storyboard in Resources */,
				C5802D1724BCAD3900894903 /* Assets.xcassets in Resources */,
				C5802D1224BCAD3800894903 /* Main.storyboard in Resources */,
			);
			runOnlyForDeploymentPostprocessing = 0;
		};
		C5802D2024BCAD3900894903 /* Resources */ = {
			isa = PBXResourcesBuildPhase;
			buildActionMask = 2147483647;
			files = (
			);
			runOnlyForDeploymentPostprocessing = 0;
		};
		C5802D2B24BCAD3900894903 /* Resources */ = {
			isa = PBXResourcesBuildPhase;
			buildActionMask = 2147483647;
			files = (
			);
			runOnlyForDeploymentPostprocessing = 0;
		};
/* End PBXResourcesBuildPhase section */

/* Begin PBXShellScriptBuildPhase section */
		2012560F14A02535743BCCFE /* [CP] Check Pods Manifest.lock */ = {
			isa = PBXShellScriptBuildPhase;
			buildActionMask = 2147483647;
			files = (
			);
			inputFileListPaths = (
			);
			inputPaths = (
				"${PODS_PODFILE_DIR_PATH}/Podfile.lock",
				"${PODS_ROOT}/Manifest.lock",
			);
			name = "[CP] Check Pods Manifest.lock";
			outputFileListPaths = (
			);
			outputPaths = (
				"$(DERIVED_FILE_DIR)/Pods-commentList-commentListUITests-checkManifestLockResult.txt",
			);
			runOnlyForDeploymentPostprocessing = 0;
			shellPath = /bin/sh;
			shellScript = "diff \"${PODS_PODFILE_DIR_PATH}/Podfile.lock\" \"${PODS_ROOT}/Manifest.lock\" > /dev/null\nif [ $? != 0 ] ; then\n    # print error to STDERR\n    echo \"error: The sandbox is not in sync with the Podfile.lock. Run 'pod install' or update your CocoaPods installation.\" >&2\n    exit 1\nfi\n# This output is used by Xcode 'outputs' to avoid re-running this script phase.\necho \"SUCCESS\" > \"${SCRIPT_OUTPUT_FILE_0}\"\n";
			showEnvVarsInLog = 0;
		};
		8B4B1C7A6746339C37963EB9 /* [CP] Check Pods Manifest.lock */ = {
			isa = PBXShellScriptBuildPhase;
			buildActionMask = 2147483647;
			files = (
			);
			inputFileListPaths = (
			);
			inputPaths = (
				"${PODS_PODFILE_DIR_PATH}/Podfile.lock",
				"${PODS_ROOT}/Manifest.lock",
			);
			name = "[CP] Check Pods Manifest.lock";
			outputFileListPaths = (
			);
			outputPaths = (
				"$(DERIVED_FILE_DIR)/Pods-commentList-checkManifestLockResult.txt",
			);
			runOnlyForDeploymentPostprocessing = 0;
			shellPath = /bin/sh;
			shellScript = "diff \"${PODS_PODFILE_DIR_PATH}/Podfile.lock\" \"${PODS_ROOT}/Manifest.lock\" > /dev/null\nif [ $? != 0 ] ; then\n    # print error to STDERR\n    echo \"error: The sandbox is not in sync with the Podfile.lock. Run 'pod install' or update your CocoaPods installation.\" >&2\n    exit 1\nfi\n# This output is used by Xcode 'outputs' to avoid re-running this script phase.\necho \"SUCCESS\" > \"${SCRIPT_OUTPUT_FILE_0}\"\n";
			showEnvVarsInLog = 0;
		};
		997EAD211A88B37E49022C91 /* [CP] Embed Pods Frameworks */ = {
			isa = PBXShellScriptBuildPhase;
			buildActionMask = 2147483647;
			files = (
			);
			inputFileListPaths = (
				"${PODS_ROOT}/Target Support Files/Pods-commentList/Pods-commentList-frameworks-${CONFIGURATION}-input-files.xcfilelist",
			);
			name = "[CP] Embed Pods Frameworks";
			outputFileListPaths = (
				"${PODS_ROOT}/Target Support Files/Pods-commentList/Pods-commentList-frameworks-${CONFIGURATION}-output-files.xcfilelist",
			);
			runOnlyForDeploymentPostprocessing = 0;
			shellPath = /bin/sh;
			shellScript = "\"${PODS_ROOT}/Target Support Files/Pods-commentList/Pods-commentList-frameworks.sh\"\n";
			showEnvVarsInLog = 0;
		};
		AB4E5A42CC9C2692ECBB1280 /* [CP] Check Pods Manifest.lock */ = {
			isa = PBXShellScriptBuildPhase;
			buildActionMask = 2147483647;
			files = (
			);
			inputFileListPaths = (
			);
			inputPaths = (
				"${PODS_PODFILE_DIR_PATH}/Podfile.lock",
				"${PODS_ROOT}/Manifest.lock",
			);
			name = "[CP] Check Pods Manifest.lock";
			outputFileListPaths = (
			);
			outputPaths = (
				"$(DERIVED_FILE_DIR)/Pods-commentListTests-checkManifestLockResult.txt",
			);
			runOnlyForDeploymentPostprocessing = 0;
			shellPath = /bin/sh;
			shellScript = "diff \"${PODS_PODFILE_DIR_PATH}/Podfile.lock\" \"${PODS_ROOT}/Manifest.lock\" > /dev/null\nif [ $? != 0 ] ; then\n    # print error to STDERR\n    echo \"error: The sandbox is not in sync with the Podfile.lock. Run 'pod install' or update your CocoaPods installation.\" >&2\n    exit 1\nfi\n# This output is used by Xcode 'outputs' to avoid re-running this script phase.\necho \"SUCCESS\" > \"${SCRIPT_OUTPUT_FILE_0}\"\n";
			showEnvVarsInLog = 0;
		};
		E26125C56B7453BDE81C7C4C /* [CP] Embed Pods Frameworks */ = {
			isa = PBXShellScriptBuildPhase;
			buildActionMask = 2147483647;
			files = (
			);
			inputFileListPaths = (
				"${PODS_ROOT}/Target Support Files/Pods-commentList-commentListUITests/Pods-commentList-commentListUITests-frameworks-${CONFIGURATION}-input-files.xcfilelist",
			);
			name = "[CP] Embed Pods Frameworks";
			outputFileListPaths = (
				"${PODS_ROOT}/Target Support Files/Pods-commentList-commentListUITests/Pods-commentList-commentListUITests-frameworks-${CONFIGURATION}-output-files.xcfilelist",
			);
			runOnlyForDeploymentPostprocessing = 0;
			shellPath = /bin/sh;
			shellScript = "\"${PODS_ROOT}/Target Support Files/Pods-commentList-commentListUITests/Pods-commentList-commentListUITests-frameworks.sh\"\n";
			showEnvVarsInLog = 0;
		};
/* End PBXShellScriptBuildPhase section */

/* Begin PBXSourcesBuildPhase section */
		C5802D0024BCAD3800894903 /* Sources */ = {
			isa = PBXSourcesBuildPhase;
			buildActionMask = 2147483647;
			files = (
				C5C2081B24BDE254001ED2F5 /* InfoTBVCell.m in Sources */,
				C5C2082724BDEEFD001ED2F5 /* NonHoveringHeaderView.m in Sources */,
				C5802D1D24BCAD3900894903 /* main.m in Sources */,
				C5C2081E24BDE268001ED2F5 /* LoadMoreTBVCell.m in Sources */,
				C5F78A8524BED516008A46EC /* SecondClassModel.m in Sources */,
				C5F78A8424BED516008A46EC /* FirstClassModel.m in Sources */,
				C5802D0924BCAD3800894903 /* AppDelegate.m in Sources */,
				C5C2082824BDEEFD001ED2F5 /* UITableViewHeaderFooterView+Attribute.m in Sources */,
				C5802D0C24BCAD3800894903 /* SceneDelegate.m in Sources */,
				C5C2082624BDEEFD001ED2F5 /* HoveringHeaderView.m in Sources */,
				C5802D1524BCAD3800894903 /* commentList.xcdatamodeld in Sources */,
				C5C2081824BDE01C001ED2F5 /* ViewController.m in Sources */,
			);
			runOnlyForDeploymentPostprocessing = 0;
		};
		C5802D1E24BCAD3900894903 /* Sources */ = {
			isa = PBXSourcesBuildPhase;
			buildActionMask = 2147483647;
			files = (
				C5802D2724BCAD3900894903 /* commentListTests.m in Sources */,
			);
			runOnlyForDeploymentPostprocessing = 0;
		};
		C5802D2924BCAD3900894903 /* Sources */ = {
			isa = PBXSourcesBuildPhase;
			buildActionMask = 2147483647;
			files = (
				C5802D3224BCAD3900894903 /* commentListUITests.m in Sources */,
			);
			runOnlyForDeploymentPostprocessing = 0;
		};
/* End PBXSourcesBuildPhase section */

/* Begin PBXTargetDependency section */
		C5802D2424BCAD3900894903 /* PBXTargetDependency */ = {
			isa = PBXTargetDependency;
			target = C5802D0324BCAD3800894903 /* commentList */;
			targetProxy = C5802D2324BCAD3900894903 /* PBXContainerItemProxy */;
		};
		C5802D2F24BCAD3900894903 /* PBXTargetDependency */ = {
			isa = PBXTargetDependency;
			target = C5802D0324BCAD3800894903 /* commentList */;
			targetProxy = C5802D2E24BCAD3900894903 /* PBXContainerItemProxy */;
		};
/* End PBXTargetDependency section */

/* Begin PBXVariantGroup section */
		C5802D1024BCAD3800894903 /* Main.storyboard */ = {
			isa = PBXVariantGroup;
			children = (
				C5802D1124BCAD3800894903 /* Base */,
			);
			name = Main.storyboard;
			sourceTree = "<group>";
		};
		C5802D1824BCAD3900894903 /* LaunchScreen.storyboard */ = {
			isa = PBXVariantGroup;
			children = (
				C5802D1924BCAD3900894903 /* Base */,
			);
			name = LaunchScreen.storyboard;
			sourceTree = "<group>";
		};
/* End PBXVariantGroup section */

/* Begin XCBuildConfiguration section */
		C5802D3424BCAD3900894903 /* Debug */ = {
			isa = XCBuildConfiguration;
			buildSettings = {
				ALWAYS_SEARCH_USER_PATHS = NO;
				CLANG_ANALYZER_NONNULL = YES;
				CLANG_ANALYZER_NUMBER_OBJECT_CONVERSION = YES_AGGRESSIVE;
				CLANG_CXX_LANGUAGE_STANDARD = "gnu++14";
				CLANG_CXX_LIBRARY = "libc++";
				CLANG_ENABLE_MODULES = YES;
				CLANG_ENABLE_OBJC_ARC = YES;
				CLANG_ENABLE_OBJC_WEAK = YES;
				CLANG_WARN_BLOCK_CAPTURE_AUTORELEASING = YES;
				CLANG_WARN_BOOL_CONVERSION = YES;
				CLANG_WARN_COMMA = YES;
				CLANG_WARN_CONSTANT_CONVERSION = YES;
				CLANG_WARN_DEPRECATED_OBJC_IMPLEMENTATIONS = YES;
				CLANG_WARN_DIRECT_OBJC_ISA_USAGE = YES_ERROR;
				CLANG_WARN_DOCUMENTATION_COMMENTS = YES;
				CLANG_WARN_EMPTY_BODY = YES;
				CLANG_WARN_ENUM_CONVERSION = YES;
				CLANG_WARN_INFINITE_RECURSION = YES;
				CLANG_WARN_INT_CONVERSION = YES;
				CLANG_WARN_NON_LITERAL_NULL_CONVERSION = YES;
				CLANG_WARN_OBJC_IMPLICIT_RETAIN_SELF = YES;
				CLANG_WARN_OBJC_LITERAL_CONVERSION = YES;
				CLANG_WARN_OBJC_ROOT_CLASS = YES_ERROR;
				CLANG_WARN_RANGE_LOOP_ANALYSIS = YES;
				CLANG_WARN_STRICT_PROTOTYPES = YES;
				CLANG_WARN_SUSPICIOUS_MOVE = YES;
				CLANG_WARN_UNGUARDED_AVAILABILITY = YES_AGGRESSIVE;
				CLANG_WARN_UNREACHABLE_CODE = YES;
				CLANG_WARN__DUPLICATE_METHOD_MATCH = YES;
				COPY_PHASE_STRIP = NO;
				DEBUG_INFORMATION_FORMAT = dwarf;
				ENABLE_STRICT_OBJC_MSGSEND = YES;
				ENABLE_TESTABILITY = YES;
				GCC_C_LANGUAGE_STANDARD = gnu11;
				GCC_DYNAMIC_NO_PIC = NO;
				GCC_NO_COMMON_BLOCKS = YES;
				GCC_OPTIMIZATION_LEVEL = 0;
				GCC_PREFIX_HEADER = "$(SRCROOT)/PrefixHeader.pch";
				GCC_PREPROCESSOR_DEFINITIONS = (
					"DEBUG=1",
					"$(inherited)",
				);
				GCC_WARN_64_TO_32_BIT_CONVERSION = YES;
				GCC_WARN_ABOUT_RETURN_TYPE = YES_ERROR;
				GCC_WARN_UNDECLARED_SELECTOR = YES;
				GCC_WARN_UNINITIALIZED_AUTOS = YES_AGGRESSIVE;
				GCC_WARN_UNUSED_FUNCTION = YES;
				GCC_WARN_UNUSED_VARIABLE = YES;
				IPHONEOS_DEPLOYMENT_TARGET = 13.5;
				MTL_ENABLE_DEBUG_INFO = INCLUDE_SOURCE;
				MTL_FAST_MATH = YES;
				ONLY_ACTIVE_ARCH = YES;
				SDKROOT = iphoneos;
			};
			name = Debug;
		};
		C5802D3524BCAD3900894903 /* Release */ = {
			isa = XCBuildConfiguration;
			buildSettings = {
				ALWAYS_SEARCH_USER_PATHS = NO;
				CLANG_ANALYZER_NONNULL = YES;
				CLANG_ANALYZER_NUMBER_OBJECT_CONVERSION = YES_AGGRESSIVE;
				CLANG_CXX_LANGUAGE_STANDARD = "gnu++14";
				CLANG_CXX_LIBRARY = "libc++";
				CLANG_ENABLE_MODULES = YES;
				CLANG_ENABLE_OBJC_ARC = YES;
				CLANG_ENABLE_OBJC_WEAK = YES;
				CLANG_WARN_BLOCK_CAPTURE_AUTORELEASING = YES;
				CLANG_WARN_BOOL_CONVERSION = YES;
				CLANG_WARN_COMMA = YES;
				CLANG_WARN_CONSTANT_CONVERSION = YES;
				CLANG_WARN_DEPRECATED_OBJC_IMPLEMENTATIONS = YES;
				CLANG_WARN_DIRECT_OBJC_ISA_USAGE = YES_ERROR;
				CLANG_WARN_DOCUMENTATION_COMMENTS = YES;
				CLANG_WARN_EMPTY_BODY = YES;
				CLANG_WARN_ENUM_CONVERSION = YES;
				CLANG_WARN_INFINITE_RECURSION = YES;
				CLANG_WARN_INT_CONVERSION = YES;
				CLANG_WARN_NON_LITERAL_NULL_CONVERSION = YES;
				CLANG_WARN_OBJC_IMPLICIT_RETAIN_SELF = YES;
				CLANG_WARN_OBJC_LITERAL_CONVERSION = YES;
				CLANG_WARN_OBJC_ROOT_CLASS = YES_ERROR;
				CLANG_WARN_RANGE_LOOP_ANALYSIS = YES;
				CLANG_WARN_STRICT_PROTOTYPES = YES;
				CLANG_WARN_SUSPICIOUS_MOVE = YES;
				CLANG_WARN_UNGUARDED_AVAILABILITY = YES_AGGRESSIVE;
				CLANG_WARN_UNREACHABLE_CODE = YES;
				CLANG_WARN__DUPLICATE_METHOD_MATCH = YES;
				COPY_PHASE_STRIP = NO;
				DEBUG_INFORMATION_FORMAT = "dwarf-with-dsym";
				ENABLE_NS_ASSERTIONS = NO;
				ENABLE_STRICT_OBJC_MSGSEND = YES;
				GCC_C_LANGUAGE_STANDARD = gnu11;
				GCC_NO_COMMON_BLOCKS = YES;
				GCC_PREFIX_HEADER = "$(SRCROOT)/PrefixHeader.pch";
				GCC_WARN_64_TO_32_BIT_CONVERSION = YES;
				GCC_WARN_ABOUT_RETURN_TYPE = YES_ERROR;
				GCC_WARN_UNDECLARED_SELECTOR = YES;
				GCC_WARN_UNINITIALIZED_AUTOS = YES_AGGRESSIVE;
				GCC_WARN_UNUSED_FUNCTION = YES;
				GCC_WARN_UNUSED_VARIABLE = YES;
				IPHONEOS_DEPLOYMENT_TARGET = 13.5;
				MTL_ENABLE_DEBUG_INFO = NO;
				MTL_FAST_MATH = YES;
				SDKROOT = iphoneos;
				VALIDATE_PRODUCT = YES;
			};
			name = Release;
		};
		C5802D3724BCAD3900894903 /* Debug */ = {
			isa = XCBuildConfiguration;
			baseConfigurationReference = BC11A027C76951D368AEBAA5 /* Pods-commentList.debug.xcconfig */;
			buildSettings = {
				ASSETCATALOG_COMPILER_APPICON_NAME = AppIcon;
				CODE_SIGN_STYLE = Automatic;
				DEVELOPMENT_TEAM = AGGNX9596Z;
				GCC_PREFIX_HEADER = "$(SRCROOT)/commentList/PrefixHeader.pch";
				INFOPLIST_FILE = commentList/Info.plist;
				LD_RUNPATH_SEARCH_PATHS = (
					"$(inherited)",
					"@executable_path/Frameworks",
				);
				PRODUCT_BUNDLE_IDENTIFIER = MonkeyKingVideo.commentList;
				PRODUCT_NAME = "$(TARGET_NAME)";
				TARGETED_DEVICE_FAMILY = "1,2";
			};
			name = Debug;
		};
		C5802D3824BCAD3900894903 /* Release */ = {
			isa = XCBuildConfiguration;
			baseConfigurationReference = FD981085353B1F176FD123A4 /* Pods-commentList.release.xcconfig */;
			buildSettings = {
				ASSETCATALOG_COMPILER_APPICON_NAME = AppIcon;
				CODE_SIGN_STYLE = Automatic;
				DEVELOPMENT_TEAM = AGGNX9596Z;
				GCC_PREFIX_HEADER = "$(SRCROOT)/commentList/PrefixHeader.pch";
				INFOPLIST_FILE = commentList/Info.plist;
				LD_RUNPATH_SEARCH_PATHS = (
					"$(inherited)",
					"@executable_path/Frameworks",
				);
				PRODUCT_BUNDLE_IDENTIFIER = MonkeyKingVideo.commentList;
				PRODUCT_NAME = "$(TARGET_NAME)";
				TARGETED_DEVICE_FAMILY = "1,2";
			};
			name = Release;
		};
		C5802D3A24BCAD3900894903 /* Debug */ = {
			isa = XCBuildConfiguration;
			baseConfigurationReference = AB97C5DB8C2372F6EF680D78 /* Pods-commentListTests.debug.xcconfig */;
			buildSettings = {
				BUNDLE_LOADER = "$(TEST_HOST)";
				CODE_SIGN_STYLE = Automatic;
				DEVELOPMENT_TEAM = AGGNX9596Z;
				INFOPLIST_FILE = commentListTests/Info.plist;
				IPHONEOS_DEPLOYMENT_TARGET = 13.5;
				LD_RUNPATH_SEARCH_PATHS = (
					"$(inherited)",
					"@executable_path/Frameworks",
					"@loader_path/Frameworks",
				);
				PRODUCT_BUNDLE_IDENTIFIER = MonkeyKingVideo.commentListTests;
				PRODUCT_NAME = "$(TARGET_NAME)";
				TARGETED_DEVICE_FAMILY = "1,2";
				TEST_HOST = "$(BUILT_PRODUCTS_DIR)/commentList.app/commentList";
			};
			name = Debug;
		};
		C5802D3B24BCAD3900894903 /* Release */ = {
			isa = XCBuildConfiguration;
			baseConfigurationReference = ED5772C36E89E2D9DFDFA8BA /* Pods-commentListTests.release.xcconfig */;
			buildSettings = {
				BUNDLE_LOADER = "$(TEST_HOST)";
				CODE_SIGN_STYLE = Automatic;
				DEVELOPMENT_TEAM = AGGNX9596Z;
				INFOPLIST_FILE = commentListTests/Info.plist;
				IPHONEOS_DEPLOYMENT_TARGET = 13.5;
				LD_RUNPATH_SEARCH_PATHS = (
					"$(inherited)",
					"@executable_path/Frameworks",
					"@loader_path/Frameworks",
				);
				PRODUCT_BUNDLE_IDENTIFIER = MonkeyKingVideo.commentListTests;
				PRODUCT_NAME = "$(TARGET_NAME)";
				TARGETED_DEVICE_FAMILY = "1,2";
				TEST_HOST = "$(BUILT_PRODUCTS_DIR)/commentList.app/commentList";
			};
			name = Release;
		};
		C5802D3D24BCAD3900894903 /* Debug */ = {
			isa = XCBuildConfiguration;
			baseConfigurationReference = 9BEEFFD90758D0D57ED7277C /* Pods-commentList-commentListUITests.debug.xcconfig */;
			buildSettings = {
				CODE_SIGN_STYLE = Automatic;
				DEVELOPMENT_TEAM = AGGNX9596Z;
				INFOPLIST_FILE = commentListUITests/Info.plist;
				LD_RUNPATH_SEARCH_PATHS = (
					"$(inherited)",
					"@executable_path/Frameworks",
					"@loader_path/Frameworks",
				);
				PRODUCT_BUNDLE_IDENTIFIER = MonkeyKingVideo.commentListUITests;
				PRODUCT_NAME = "$(TARGET_NAME)";
				TARGETED_DEVICE_FAMILY = "1,2";
				TEST_TARGET_NAME = commentList;
			};
			name = Debug;
		};
		C5802D3E24BCAD3900894903 /* Release */ = {
			isa = XCBuildConfiguration;
			baseConfigurationReference = 6428E7887D15CD3420F28C00 /* Pods-commentList-commentListUITests.release.xcconfig */;
			buildSettings = {
				CODE_SIGN_STYLE = Automatic;
				DEVELOPMENT_TEAM = AGGNX9596Z;
				INFOPLIST_FILE = commentListUITests/Info.plist;
				LD_RUNPATH_SEARCH_PATHS = (
					"$(inherited)",
					"@executable_path/Frameworks",
					"@loader_path/Frameworks",
				);
				PRODUCT_BUNDLE_IDENTIFIER = MonkeyKingVideo.commentListUITests;
				PRODUCT_NAME = "$(TARGET_NAME)";
				TARGETED_DEVICE_FAMILY = "1,2";
				TEST_TARGET_NAME = commentList;
			};
			name = Release;
		};
/* End XCBuildConfiguration section */

/* Begin XCConfigurationList section */
		C5802CFF24BCAD3800894903 /* Build configuration list for PBXProject "commentList" */ = {
			isa = XCConfigurationList;
			buildConfigurations = (
				C5802D3424BCAD3900894903 /* Debug */,
				C5802D3524BCAD3900894903 /* Release */,
			);
			defaultConfigurationIsVisible = 0;
			defaultConfigurationName = Release;
		};
		C5802D3624BCAD3900894903 /* Build configuration list for PBXNativeTarget "commentList" */ = {
			isa = XCConfigurationList;
			buildConfigurations = (
				C5802D3724BCAD3900894903 /* Debug */,
				C5802D3824BCAD3900894903 /* Release */,
			);
			defaultConfigurationIsVisible = 0;
			defaultConfigurationName = Release;
		};
		C5802D3924BCAD3900894903 /* Build configuration list for PBXNativeTarget "commentListTests" */ = {
			isa = XCConfigurationList;
			buildConfigurations = (
				C5802D3A24BCAD3900894903 /* Debug */,
				C5802D3B24BCAD3900894903 /* Release */,
			);
			defaultConfigurationIsVisible = 0;
			defaultConfigurationName = Release;
		};
		C5802D3C24BCAD3900894903 /* Build configuration list for PBXNativeTarget "commentListUITests" */ = {
			isa = XCConfigurationList;
			buildConfigurations = (
				C5802D3D24BCAD3900894903 /* Debug */,
				C5802D3E24BCAD3900894903 /* Release */,
			);
			defaultConfigurationIsVisible = 0;
			defaultConfigurationName = Release;
		};
/* End XCConfigurationList section */

/* Begin XCVersionGroup section */
		C5802D1324BCAD3800894903 /* commentList.xcdatamodeld */ = {
			isa = XCVersionGroup;
			children = (
				C5802D1424BCAD3800894903 /* commentList.xcdatamodel */,
			);
			currentVersion = C5802D1424BCAD3800894903 /* commentList.xcdatamodel */;
			path = commentList.xcdatamodeld;
			sourceTree = "<group>";
			versionGroupType = wrapper.xcdatamodel;
		};
/* End XCVersionGroup section */
	};
	rootObject = C5802CFC24BCAD3800894903 /* Project object */;
}
